
Microsoft Visual Studio Solution File, Format Version 12.00
# Visual Studio Version 16
VisualStudioVersion = 16.0.29709.97
MinimumVisualStudioVersion = 10.0.40219.1
Project("{FAE04EC0-301F-11D3-BF4B-00C04F79EFBC}") = "Flashcards", "Flashcards.csproj", "{2C8EAE44-1089-4D29-A7E1-5CA97563107A}"
EndProject
Project("{FAE04EC0-301F-11D3-BF4B-00C04F79EFBC}") = "Flashcards.Tests", "..\Flashcards.Tests\Flashcards.Tests.csproj", "{0875EF90-9E74-4C44-A032-18E2573A92D2}"
EndProject
Global
	GlobalSection(SolutionConfigurationPlatforms) = preSolution
		Debug|Any CPU = Debug|Any CPU
		Release|Any CPU = Release|Any CPU
	EndGlobalSection
	GlobalSection(ProjectConfigurationPlatforms) = postSolution
		{2C8EAE44-1089-4D29-A7E1-5CA97563107A}.Debug|Any CPU.ActiveCfg = Debug|Any CPU
		{2C8EAE44-1089-4D29-A7E1-5CA97563107A}.Debug|Any CPU.Build.0 = Debug|Any CPU
		{2C8EAE44-1089-4D29-A7E1-5CA97563107A}.Release|Any CPU.ActiveCfg = Release|Any CPU
		{2C8EAE44-1089-4D29-A7E1-5CA97563107A}.Release|Any CPU.Build.0 = Release|Any CPU
		{0875EF90-9E74-4C44-A032-18E2573A92D2}.Debug|Any CPU.ActiveCfg = Debug|Any CPU
		{0875EF90-9E74-4C44-A032-18E2573A92D2}.Debug|Any CPU.Build.0 = Debug|Any CPU
		{0875EF90-9E74-4C44-A032-18E2573A92D2}.Release|Any CPU.ActiveCfg = Release|Any CPU
		{0875EF90-9E74-4C44-A032-18E2573A92D2}.Release|Any CPU.Build.0 = Release|Any CPU
	EndGlobalSection
	GlobalSection(SolutionProperties) = preSolution
		HideSolutionNode = FALSE
	EndGlobalSection
	GlobalSection(ExtensibilityGlobals) = postSolution
		SolutionGuid = {B71CE1E4-2439-4B4F-A607-40F50AEB88E6}
	EndGlobalSection
EndGlobal
